{
  "version": 4,
  "terraform_version": "1.9.8",
  "serial": 92,
  "lineage": "8851d4a9-2e5c-fa19-50ab-a7795aad7385",
  "outputs": {},
  "resources": [
    {
      "mode": "managed",
      "type": "cloudflare_dns_record",
      "name": "ctftest1-ns",
      "provider": "provider[\"registry.terraform.io/cloudflare/cloudflare\"]",
      "instances": [
        {
          "index_key": "ns-cloud-b1.googledomains.com.",
          "schema_version": 0,
          "attributes": {
            "comment": null,
            "comment_modified_on": null,
            "content": "ns-cloud-b1.googledomains.com.",
            "created_on": "2024-11-09T21:10:53.492209Z",
            "data": null,
            "id": "ff43783b75a16679321dbff0967a7002",
            "meta": "{\"auto_added\":false,\"managed_by_apps\":false,\"managed_by_argo_tunnel\":false}",
            "modified_on": "2024-11-09T21:10:53.492209Z",
            "name": "ctftest1",
            "priority": null,
            "proxiable": false,
            "proxied": false,
            "settings": "{}",
            "tags": [],
            "tags_modified_on": null,
            "ttl": 1,
            "type": "NS",
            "zone_id": "6017a4a2dc80591356c2193f7b2f7068"
          },
          "sensitive_attributes": [],
          "dependencies": [
            "google_dns_managed_zone.ctftest1"
          ]
        },
        {
          "index_key": "ns-cloud-b2.googledomains.com.",
          "schema_version": 0,
          "attributes": {
            "comment": null,
            "comment_modified_on": null,
            "content": "ns-cloud-b2.googledomains.com.",
            "created_on": "2024-11-09T21:10:53.439147Z",
            "data": null,
            "id": "27414e56cc6f0c5190c17256afe38f3f",
            "meta": "{\"auto_added\":false,\"managed_by_apps\":false,\"managed_by_argo_tunnel\":false}",
            "modified_on": "2024-11-09T21:10:53.439147Z",
            "name": "ctftest1",
            "priority": null,
            "proxiable": false,
            "proxied": false,
            "settings": "{}",
            "tags": [],
            "tags_modified_on": null,
            "ttl": 1,
            "type": "NS",
            "zone_id": "6017a4a2dc80591356c2193f7b2f7068"
          },
          "sensitive_attributes": [],
          "dependencies": [
            "google_dns_managed_zone.ctftest1"
          ]
        },
        {
          "index_key": "ns-cloud-b3.googledomains.com.",
          "schema_version": 0,
          "attributes": {
            "comment": null,
            "comment_modified_on": null,
            "content": "ns-cloud-b3.googledomains.com.",
            "created_on": "2024-11-09T21:10:53.463262Z",
            "data": null,
            "id": "addb01f8096849165fe27fd3ff41349a",
            "meta": "{\"auto_added\":false,\"managed_by_apps\":false,\"managed_by_argo_tunnel\":false}",
            "modified_on": "2024-11-09T21:10:53.463262Z",
            "name": "ctftest1",
            "priority": null,
            "proxiable": false,
            "proxied": false,
            "settings": "{}",
            "tags": [],
            "tags_modified_on": null,
            "ttl": 1,
            "type": "NS",
            "zone_id": "6017a4a2dc80591356c2193f7b2f7068"
          },
          "sensitive_attributes": [],
          "dependencies": [
            "google_dns_managed_zone.ctftest1"
          ]
        },
        {
          "index_key": "ns-cloud-b4.googledomains.com.",
          "schema_version": 0,
          "attributes": {
            "comment": null,
            "comment_modified_on": null,
            "content": "ns-cloud-b4.googledomains.com.",
            "created_on": "2024-11-09T21:10:53.465995Z",
            "data": null,
            "id": "a9d4d1d30dbc9ea4c15fcb44bc0b0ccd",
            "meta": "{\"auto_added\":false,\"managed_by_apps\":false,\"managed_by_argo_tunnel\":false}",
            "modified_on": "2024-11-09T21:10:53.465995Z",
            "name": "ctftest1",
            "priority": null,
            "proxiable": false,
            "proxied": false,
            "settings": "{}",
            "tags": [],
            "tags_modified_on": null,
            "ttl": 1,
            "type": "NS",
            "zone_id": "6017a4a2dc80591356c2193f7b2f7068"
          },
          "sensitive_attributes": [],
          "dependencies": [
            "google_dns_managed_zone.ctftest1"
          ]
        }
      ]
    },
    {
      "mode": "managed",
      "type": "google_compute_firewall",
      "name": "firewall_http_https",
      "provider": "provider[\"registry.terraform.io/hashicorp/google-beta\"]",
      "instances": [
        {
          "schema_version": 1,
          "attributes": {
            "allow": [
              {
                "ports": [
                  "80",
                  "443"
                ],
                "protocol": "tcp"
              }
            ],
            "creation_timestamp": "2024-11-09T13:13:19.214-08:00",
            "deny": [],
            "description": "",
            "destination_ranges": [],
            "direction": "INGRESS",
            "disabled": false,
            "enable_logging": null,
            "id": "projects/ctf-tls-test/global/firewalls/allow-http-https",
            "log_config": [],
            "name": "allow-http-https",
            "network": "https://www.googleapis.com/compute/v1/projects/ctf-tls-test/global/networks/ctftest",
            "priority": 1000,
            "project": "ctf-tls-test",
            "self_link": "https://www.googleapis.com/compute/v1/projects/ctf-tls-test/global/firewalls/allow-http-https",
            "source_ranges": [
              "0.0.0.0/0"
            ],
            "source_service_accounts": null,
            "source_tags": null,
            "target_service_accounts": null,
            "target_tags": null,
            "timeouts": null
          },
          "sensitive_attributes": [],
          "private": "eyJlMmJmYjczMC1lY2FhLTExZTYtOGY4OC0zNDM2M2JjN2M0YzAiOnsiY3JlYXRlIjoxMjAwMDAwMDAwMDAwLCJkZWxldGUiOjEyMDAwMDAwMDAwMDAsInVwZGF0ZSI6MTIwMDAwMDAwMDAwMH0sInNjaGVtYV92ZXJzaW9uIjoiMSJ9",
          "dependencies": [
            "google_compute_network.ctftest"
          ]
        }
      ]
    },
    {
      "mode": "managed",
      "type": "google_compute_firewall",
      "name": "firewall_iap_ssh",
      "provider": "provider[\"registry.terraform.io/hashicorp/google-beta\"]",
      "instances": [
        {
          "schema_version": 1,
          "attributes": {
            "allow": [
              {
                "ports": [
                  "22"
                ],
                "protocol": "tcp"
              }
            ],
            "creation_timestamp": "2024-11-09T12:33:56.820-08:00",
            "deny": [],
            "description": "",
            "destination_ranges": [],
            "direction": "INGRESS",
            "disabled": false,
            "enable_logging": null,
            "id": "projects/ctf-tls-test/global/firewalls/allow-iap-ssh",
            "log_config": [],
            "name": "allow-iap-ssh",
            "network": "https://www.googleapis.com/compute/v1/projects/ctf-tls-test/global/networks/ctftest",
            "priority": 1000,
            "project": "ctf-tls-test",
            "self_link": "https://www.googleapis.com/compute/v1/projects/ctf-tls-test/global/firewalls/allow-iap-ssh",
            "source_ranges": [
              "35.235.240.0/20"
            ],
            "source_service_accounts": [],
            "source_tags": [],
            "target_service_accounts": [],
            "target_tags": [],
            "timeouts": null
          },
          "sensitive_attributes": [],
          "private": "eyJlMmJmYjczMC1lY2FhLTExZTYtOGY4OC0zNDM2M2JjN2M0YzAiOnsiY3JlYXRlIjoxMjAwMDAwMDAwMDAwLCJkZWxldGUiOjEyMDAwMDAwMDAwMDAsInVwZGF0ZSI6MTIwMDAwMDAwMDAwMH0sInNjaGVtYV92ZXJzaW9uIjoiMSJ9",
          "dependencies": [
            "google_compute_network.ctftest"
          ]
        }
      ]
    },
    {
      "mode": "managed",
      "type": "google_compute_instance",
      "name": "challenges",
      "provider": "provider[\"registry.terraform.io/hashicorp/google-beta\"]",
      "instances": [
        {
          "schema_version": 6,
          "attributes": {
            "advanced_machine_features": [],
            "allow_stopping_for_update": null,
            "attached_disk": [],
            "boot_disk": [
              {
                "auto_delete": true,
                "device_name": "persistent-disk-0",
                "disk_encryption_key_raw": "",
                "disk_encryption_key_sha256": "",
                "initialize_params": [
                  {
                    "enable_confidential_compute": false,
                    "image": "https://www.googleapis.com/compute/beta/projects/debian-cloud/global/images/debian-12-bookworm-v20241009",
                    "labels": {},
                    "provisioned_iops": 0,
                    "provisioned_throughput": 0,
                    "resource_manager_tags": {},
                    "resource_policies": [],
                    "size": 10,
                    "storage_pool": "",
                    "type": "pd-standard"
                  }
                ],
                "interface": "",
                "kms_key_self_link": "",
                "mode": "READ_WRITE",
                "source": "https://www.googleapis.com/compute/v1/projects/ctf-tls-test/zones/europe-north1-a/disks/challenges"
              }
            ],
            "can_ip_forward": false,
            "confidential_instance_config": [],
            "cpu_platform": "Intel Cascade Lake",
            "creation_timestamp": "2024-11-09T12:34:00.751-08:00",
            "current_status": "RUNNING",
            "deletion_protection": false,
            "description": "",
            "desired_status": null,
            "effective_labels": {
              "goog-terraform-provisioned": "true"
            },
            "enable_display": false,
            "guest_accelerator": [],
            "hostname": "",
            "id": "projects/ctf-tls-test/zones/europe-north1-a/instances/challenges",
            "instance_id": "5867786101023996377",
            "key_revocation_action_type": "",
            "label_fingerprint": "vezUS-42LLM=",
            "labels": {},
            "machine_type": "n2-standard-2",
            "metadata": {},
            "metadata_fingerprint": "lNXMgyp6TNY=",
            "metadata_startup_script": null,
            "min_cpu_platform": "",
            "name": "challenges",
            "network_interface": [
              {
                "access_config": [
                  {
                    "nat_ip": "34.88.159.215",
                    "network_tier": "PREMIUM",
                    "public_ptr_domain_name": "",
                    "security_policy": ""
                  }
                ],
                "alias_ip_range": [],
                "internal_ipv6_prefix_length": 0,
                "ipv6_access_config": [],
                "ipv6_access_type": "",
                "ipv6_address": "",
                "name": "nic0",
                "network": "https://www.googleapis.com/compute/v1/projects/ctf-tls-test/global/networks/ctftest",
                "network_attachment": "",
                "network_ip": "10.166.0.2",
                "nic_type": "",
                "queue_count": 0,
                "security_policy": "",
                "stack_type": "IPV4_ONLY",
                "subnetwork": "https://www.googleapis.com/compute/v1/projects/ctf-tls-test/regions/europe-north1/subnetworks/ctftest",
                "subnetwork_project": "ctf-tls-test"
              }
            ],
            "network_performance_config": [],
            "params": [],
            "partner_metadata": null,
            "project": "ctf-tls-test",
            "reservation_affinity": [],
            "resource_policies": [],
            "scheduling": [
              {
                "automatic_restart": true,
                "host_error_timeout_seconds": 0,
                "instance_termination_action": "",
                "local_ssd_recovery_timeout": [],
                "maintenance_interval": "",
                "max_run_duration": [],
                "min_node_cpus": 0,
                "node_affinities": [],
                "on_host_maintenance": "MIGRATE",
                "on_instance_stop_action": [],
                "preemptible": false,
                "provisioning_model": "STANDARD"
              }
            ],
            "scratch_disk": [],
            "self_link": "https://www.googleapis.com/compute/v1/projects/ctf-tls-test/zones/europe-north1-a/instances/challenges",
            "service_account": [
              {
                "email": "challenge@ctf-tls-test.iam.gserviceaccount.com",
                "scopes": [
                  "https://www.googleapis.com/auth/cloud-platform"
                ]
              }
            ],
            "shielded_instance_config": [
              {
                "enable_integrity_monitoring": true,
                "enable_secure_boot": false,
                "enable_vtpm": true
              }
            ],
            "tags": [],
            "tags_fingerprint": "42WmSpB8rSM=",
            "terraform_labels": {
              "goog-terraform-provisioned": "true"
            },
            "timeouts": null,
            "zone": "europe-north1-a"
          },
          "sensitive_attributes": [
            [
              {
                "type": "get_attr",
                "value": "boot_disk"
              },
              {
                "type": "index",
                "value": {
                  "value": 0,
                  "type": "number"
                }
              },
              {
                "type": "get_attr",
                "value": "disk_encryption_key_raw"
              }
            ]
          ],
          "private": "eyJlMmJmYjczMC1lY2FhLTExZTYtOGY4OC0zNDM2M2JjN2M0YzAiOnsiY3JlYXRlIjoxMjAwMDAwMDAwMDAwLCJkZWxldGUiOjEyMDAwMDAwMDAwMDAsInVwZGF0ZSI6MTIwMDAwMDAwMDAwMH0sInNjaGVtYV92ZXJzaW9uIjoiNiJ9",
          "dependencies": [
            "google_compute_network.ctftest",
            "google_service_account.challenges"
          ]
        }
      ]
    },
    {
      "mode": "managed",
      "type": "google_compute_network",
      "name": "ctftest",
      "provider": "provider[\"registry.terraform.io/hashicorp/google-beta\"]",
      "instances": [
        {
          "schema_version": 0,
          "attributes": {
            "auto_create_subnetworks": true,
            "bgp_always_compare_med": false,
            "bgp_best_path_selection_mode": "LEGACY",
            "bgp_inter_region_cost": "",
            "delete_default_routes_on_create": false,
            "description": "",
            "enable_ula_internal_ipv6": false,
            "gateway_ipv4": "",
            "id": "projects/ctf-tls-test/global/networks/ctftest",
            "internal_ipv6_range": "",
            "mtu": 0,
            "name": "ctftest",
            "network_firewall_policy_enforcement_order": "AFTER_CLASSIC_FIREWALL",
            "numeric_id": "7859255096356534288",
            "project": "ctf-tls-test",
            "routing_mode": "REGIONAL",
            "self_link": "https://www.googleapis.com/compute/v1/projects/ctf-tls-test/global/networks/ctftest",
            "timeouts": null
          },
          "sensitive_attributes": [],
          "private": "eyJlMmJmYjczMC1lY2FhLTExZTYtOGY4OC0zNDM2M2JjN2M0YzAiOnsiY3JlYXRlIjoxMjAwMDAwMDAwMDAwLCJkZWxldGUiOjEyMDAwMDAwMDAwMDAsInVwZGF0ZSI6MTIwMDAwMDAwMDAwMH19"
        }
      ]
    },
    {
      "mode": "managed",
      "type": "google_dns_managed_zone",
      "name": "ctftest1",
      "provider": "provider[\"registry.terraform.io/hashicorp/google-beta\"]",
      "instances": [
        {
          "schema_version": 0,
          "attributes": {
            "cloud_logging_config": [
              {
                "enable_logging": false
              }
            ],
            "creation_time": "2024-11-09T20:33:02.909Z",
            "description": "DNS Zone for CTF TLS test",
            "dns_name": "ctftest1.zetatwo.dev.",
            "dnssec_config": [],
            "effective_labels": {
              "goog-terraform-provisioned": "true"
            },
            "force_destroy": false,
            "forwarding_config": [],
            "id": "projects/ctf-tls-test/managedZones/ctftest1",
            "labels": {},
            "managed_zone_id": 1269185055807705980,
            "name": "ctftest1",
            "name_servers": [
              "ns-cloud-b1.googledomains.com.",
              "ns-cloud-b2.googledomains.com.",
              "ns-cloud-b3.googledomains.com.",
              "ns-cloud-b4.googledomains.com."
            ],
            "peering_config": [],
            "private_visibility_config": [],
            "project": "ctf-tls-test",
            "reverse_lookup": false,
            "service_directory_config": [],
            "terraform_labels": {
              "goog-terraform-provisioned": "true"
            },
            "timeouts": null,
            "visibility": "public"
          },
          "sensitive_attributes": [],
          "private": "eyJlMmJmYjczMC1lY2FhLTExZTYtOGY4OC0zNDM2M2JjN2M0YzAiOnsiY3JlYXRlIjoxMjAwMDAwMDAwMDAwLCJkZWxldGUiOjEyMDAwMDAwMDAwMDAsInVwZGF0ZSI6MTIwMDAwMDAwMDAwMH19"
        }
      ]
    },
    {
      "mode": "managed",
      "type": "google_dns_record_set",
      "name": "chall1",
      "provider": "provider[\"registry.terraform.io/hashicorp/google-beta\"]",
      "instances": [
        {
          "schema_version": 0,
          "attributes": {
            "id": "projects/ctf-tls-test/managedZones/ctftest1/rrsets/chall1.ctftest1.zetatwo.dev./A",
            "managed_zone": "ctftest1",
            "name": "chall1.ctftest1.zetatwo.dev.",
            "project": "ctf-tls-test",
            "routing_policy": [],
            "rrdatas": [
              "34.88.159.215"
            ],
            "ttl": 300,
            "type": "A"
          },
          "sensitive_attributes": [],
          "private": "bnVsbA==",
          "dependencies": [
            "google_compute_instance.challenges",
            "google_compute_network.ctftest",
            "google_dns_managed_zone.ctftest1",
            "google_dns_record_set.challenges",
            "google_service_account.challenges"
          ]
        }
      ]
    },
    {
      "mode": "managed",
      "type": "google_dns_record_set",
      "name": "chall2",
      "provider": "provider[\"registry.terraform.io/hashicorp/google-beta\"]",
      "instances": [
        {
          "schema_version": 0,
          "attributes": {
            "id": "projects/ctf-tls-test/managedZones/ctftest1/rrsets/chall2.ctftest1.zetatwo.dev./A",
            "managed_zone": "ctftest1",
            "name": "chall2.ctftest1.zetatwo.dev.",
            "project": "ctf-tls-test",
            "routing_policy": [],
            "rrdatas": [
              "34.88.159.215"
            ],
            "ttl": 300,
            "type": "A"
          },
          "sensitive_attributes": [],
          "private": "bnVsbA==",
          "dependencies": [
            "google_compute_instance.challenges",
            "google_compute_network.ctftest",
            "google_dns_managed_zone.ctftest1",
            "google_dns_record_set.challenges",
            "google_service_account.challenges"
          ]
        }
      ]
    },
    {
      "mode": "managed",
      "type": "google_dns_record_set",
      "name": "challenges",
      "provider": "provider[\"registry.terraform.io/hashicorp/google-beta\"]",
      "instances": [
        {
          "schema_version": 0,
          "attributes": {
            "id": "projects/ctf-tls-test/managedZones/ctftest1/rrsets/ctftest1.zetatwo.dev./A",
            "managed_zone": "ctftest1",
            "name": "ctftest1.zetatwo.dev.",
            "project": "ctf-tls-test",
            "routing_policy": [],
            "rrdatas": [
              "34.88.159.215"
            ],
            "ttl": 300,
            "type": "A"
          },
          "sensitive_attributes": [],
          "private": "bnVsbA==",
          "dependencies": [
            "google_compute_instance.challenges",
            "google_compute_network.ctftest",
            "google_dns_managed_zone.ctftest1",
            "google_service_account.challenges"
          ]
        }
      ]
    },
    {
      "mode": "managed",
      "type": "google_service_account",
      "name": "challenges",
      "provider": "provider[\"registry.terraform.io/hashicorp/google-beta\"]",
      "instances": [
        {
          "schema_version": 0,
          "attributes": {
            "account_id": "challenge",
            "create_ignore_already_exists": null,
            "description": "",
            "disabled": false,
            "display_name": "Service account for challenges",
            "email": "challenge@ctf-tls-test.iam.gserviceaccount.com",
            "id": "projects/ctf-tls-test/serviceAccounts/challenge@ctf-tls-test.iam.gserviceaccount.com",
            "member": "serviceAccount:challenge@ctf-tls-test.iam.gserviceaccount.com",
            "name": "projects/ctf-tls-test/serviceAccounts/challenge@ctf-tls-test.iam.gserviceaccount.com",
            "project": "ctf-tls-test",
            "timeouts": null,
            "unique_id": "108692881970552211349"
          },
          "sensitive_attributes": [],
          "private": "eyJlMmJmYjczMC1lY2FhLTExZTYtOGY4OC0zNDM2M2JjN2M0YzAiOnsiY3JlYXRlIjozMDAwMDAwMDAwMDB9fQ=="
        }
      ]
    },
    {
      "mode": "managed",
      "type": "local_file",
      "name": "ansible_inventory",
      "provider": "provider[\"registry.terraform.io/hashicorp/local\"]",
      "instances": [
        {
          "schema_version": 0,
          "attributes": {
            "content": "\"hosts\":\n  \"hosts\":\n    \"challenges\":\n      \"ansible_host\": \"challenges\"\n      \"domains\":\n      - \"chall1.ctftest1.zetatwo.dev.\"\n      - \"chall2.ctftest1.zetatwo.dev.\"\n",
            "content_base64": null,
            "content_base64sha256": "nUKse0mJxFt1v9cpWmXMRsTntn8NM2MSkdzv2SzgrFw=",
            "content_base64sha512": "9zupG8H4o1f/h/Ft44Po+SOu+J8vRYhn4NCyeP7D0VBHJ8y4+48DRPKi5oHquZWFCtnkkwaW3JrvNWuoOitSxg==",
            "content_md5": "d65b90f5c955943dc3674991d4bb127a",
            "content_sha1": "1785b4099bc5dbcf7a9e27c601766ce86e7b6743",
            "content_sha256": "9d42ac7b4989c45b75bfd7295a65cc46c4e7b67f0d33631291dcefd92ce0ac5c",
            "content_sha512": "f73ba91bc1f8a357ff87f16de383e8f923aef89f2f458867e0d0b278fec3d1504727ccb8fb8f0344f2a2e681eab995850ad9e4930696dc9aef356ba83a2b52c6",
            "directory_permission": "0777",
            "file_permission": "644",
            "filename": "inventory.yml",
            "id": "1785b4099bc5dbcf7a9e27c601766ce86e7b6743",
            "sensitive_content": null,
            "source": null
          },
          "sensitive_attributes": [
            [
              {
                "type": "get_attr",
                "value": "sensitive_content"
              }
            ]
          ],
          "dependencies": [
            "google_compute_instance.challenges",
            "google_compute_network.ctftest",
            "google_dns_managed_zone.ctftest1",
            "google_dns_record_set.chall1",
            "google_dns_record_set.chall2",
            "google_dns_record_set.challenges",
            "google_service_account.challenges"
          ]
        }
      ]
    }
  ],
  "check_results": null
}
